PODS:
  - SDWebImage (5.9.5):
    - SDWebImage/Core (= 5.9.5)
  - SDWebImage-SFImageMaker (0.1.0):
    - SDWebImage (~> 5.0)
    - SFImageMaker
  - SDWebImage/Core (5.9.5)
  - SFImageMaker (1.1.1)

DEPENDENCIES:
  - SDWebImage-SFImageMaker (from `../`)

SPEC REPOS:
  https://github.com/CocoaPods/Specs.git:
    - SDWebImage
    - SFImageMaker

EXTERNAL SOURCES:
  SDWebImage-SFImageMaker:
    :path: "../"

SPEC CHECKSUMS:
  SDWebImage: 0b2ba0d56479bf6a45ecddbfd5558bea93150d25
  SDWebImage-SFImageMaker: 8a1e6e561cf0daeb97c7ee04d8be4d033999f8d6
  SFImageMaker: 403c44ebc2e39407efa4a57411d99a7440c44c75

PODFILE CHECKSUM: 70436f545b77643a26dd7693246b30db02ded96e

COCOAPODS: 1.10.1
